// !$*UTF8*$!
{
	archiveVersion = 1;
	classes = {
	};
	objectVersion = 46;
	objects = {

/* Begin PBXBuildFile section */
		AE064B661A64605A00A10381 /* DigitRecognizerSDK.framework in Frameworks */ = {isa = PBXBuildFile; fileRef = AE5554C11A5CBBF7007DCF1D /* DigitRecognizerSDK.framework */; };
		AE064B6B1A64679200A10381 /* Constraints.swift in Sources */ = {isa = PBXBuildFile; fileRef = AE064B6A1A64679200A10381 /* Constraints.swift */; };
		AE064B6E1A646A6300A10381 /* ConstraintViews.swift in Sources */ = {isa = PBXBuildFile; fileRef = AE064B6D1A646A6300A10381 /* ConstraintViews.swift */; };
		AE064B701A646FB200A10381 /* Utils.swift in Sources */ = {isa = PBXBuildFile; fileRef = AE064B6F1A646FB200A10381 /* Utils.swift */; };
		AE064B721A64C1D000A10381 /* DigitRecognizerSDK.framework in Embed Frameworks */ = {isa = PBXBuildFile; fileRef = AE5554C11A5CBBF7007DCF1D /* DigitRecognizerSDK.framework */; settings = {ATTRIBUTES = (CodeSignOnCopy, RemoveHeadersOnCopy, ); }; };
		AE0EF44F1B40EE95000DFFE2 /* football@2x.png in Resources */ = {isa = PBXBuildFile; fileRef = AE0EF44E1B40EE95000DFFE2 /* football@2x.png */; };
		AE0EF4511B40EF82000DFFE2 /* Toy.swift in Sources */ = {isa = PBXBuildFile; fileRef = AE0EF4501B40EF82000DFFE2 /* Toy.swift */; };
		AE1CA0741A8C651B00CC1FDA /* SwiftAutoLayout.swift in Sources */ = {isa = PBXBuildFile; fileRef = AE1CA0731A8C651B00CC1FDA /* SwiftAutoLayout.swift */; };
		AE1CA0761A8C652A00CC1FDA /* VisualFormat.swift in Sources */ = {isa = PBXBuildFile; fileRef = AE1CA0751A8C652A00CC1FDA /* VisualFormat.swift */; };
		AE5554661A5CB9D3007DCF1D /* AppDelegate.swift in Sources */ = {isa = PBXBuildFile; fileRef = AE5554651A5CB9D3007DCF1D /* AppDelegate.swift */; };
		AE5554681A5CB9D3007DCF1D /* ViewController.swift in Sources */ = {isa = PBXBuildFile; fileRef = AE5554671A5CB9D3007DCF1D /* ViewController.swift */; };
		AE55546D1A5CB9D3007DCF1D /* Images.xcassets in Resources */ = {isa = PBXBuildFile; fileRef = AE55546C1A5CB9D3007DCF1D /* Images.xcassets */; };
		AE5554881A5CBAE1007DCF1D /* bridger_train.json in Resources */ = {isa = PBXBuildFile; fileRef = AE3DD2481A5494B7007D1500 /* bridger_train.json */; };
		AE5554C61A5CBBF7007DCF1D /* DigitRecognizerSDK.h in Headers */ = {isa = PBXBuildFile; fileRef = AE5554C51A5CBBF7007DCF1D /* DigitRecognizerSDK.h */; settings = {ATTRIBUTES = (Public, ); }; };
		AE5554CC1A5CBBF7007DCF1D /* DigitRecognizerSDK.framework in Frameworks */ = {isa = PBXBuildFile; fileRef = AE5554C11A5CBBF7007DCF1D /* DigitRecognizerSDK.framework */; };
		AE5554D51A5CBBF7007DCF1D /* DigitRecognizerSDKTests.swift in Sources */ = {isa = PBXBuildFile; fileRef = AE5554D41A5CBBF7007DCF1D /* DigitRecognizerSDKTests.swift */; };
		AE5554D81A5CBBF7007DCF1D /* DigitRecognizerSDK.framework in Frameworks */ = {isa = PBXBuildFile; fileRef = AE5554C11A5CBBF7007DCF1D /* DigitRecognizerSDK.framework */; };
		AE5554D91A5CBBF7007DCF1D /* DigitRecognizerSDK.framework in Embed Frameworks */ = {isa = PBXBuildFile; fileRef = AE5554C11A5CBBF7007DCF1D /* DigitRecognizerSDK.framework */; settings = {ATTRIBUTES = (CodeSignOnCopy, RemoveHeadersOnCopy, ); }; };
		AE5554E11A5CBC19007DCF1D /* DTWDigitClassifier.swift in Sources */ = {isa = PBXBuildFile; fileRef = AE04E7531A4DE6F40077D2E3 /* DTWDigitClassifier.swift */; };
		AE5554E31A5CBC25007DCF1D /* DTWDigitClassifierTests.swift in Sources */ = {isa = PBXBuildFile; fileRef = AE3DD2331A52100E007D1500 /* DTWDigitClassifierTests.swift */; };
		AE5554E51A5CBC31007DCF1D /* SortedMinArray.swift in Sources */ = {isa = PBXBuildFile; fileRef = AE3DD2401A537C0A007D1500 /* SortedMinArray.swift */; };
		AE5554E91A5CBC4C007DCF1D /* SortedMinArrayTests.swift in Sources */ = {isa = PBXBuildFile; fileRef = AE3DD2431A544C02007D1500 /* SortedMinArrayTests.swift */; };
		AE5554EC1A5CBC63007DCF1D /* bridger_test.json in Resources */ = {isa = PBXBuildFile; fileRef = AE3DD2471A5494B7007D1500 /* bridger_test.json */; };
		AE5554ED1A5CBC6A007DCF1D /* bridger_train.json in Resources */ = {isa = PBXBuildFile; fileRef = AE3DD2481A5494B7007D1500 /* bridger_train.json */; };
		AE5554EE1A5CBC6E007DCF1D /* bridger_train.json in Resources */ = {isa = PBXBuildFile; fileRef = AE3DD2481A5494B7007D1500 /* bridger_train.json */; };
		AE5554F01A5CBC78007DCF1D /* ujipenchars2_test.json in Resources */ = {isa = PBXBuildFile; fileRef = AE3DD23B1A52785D007D1500 /* ujipenchars2_test.json */; };
		AE5554F11A5CBC7E007DCF1D /* ujipenchars2_train.json in Resources */ = {isa = PBXBuildFile; fileRef = AE3DD23C1A52785D007D1500 /* ujipenchars2_train.json */; };
		AE5554F21A5CBC86007DCF1D /* ujipenchars2.json in Resources */ = {isa = PBXBuildFile; fileRef = AE3DD2391A52784A007D1500 /* ujipenchars2.json */; };
		AE5554F31A5CBC89007DCF1D /* ujipenchars2.json in Resources */ = {isa = PBXBuildFile; fileRef = AE3DD2391A52784A007D1500 /* ujipenchars2.json */; };
		AE5554F41A5CBC8B007DCF1D /* ujipenchars2.json in Resources */ = {isa = PBXBuildFile; fileRef = AE3DD2391A52784A007D1500 /* ujipenchars2.json */; };
		AE5554F51A5CBD25007DCF1D /* StrokeGestureRecognizer.swift in Sources */ = {isa = PBXBuildFile; fileRef = AEC9EEDF1A3CEB3A002C7B08 /* StrokeGestureRecognizer.swift */; };
		AE5554F91A5CE08C007DCF1D /* Main.storyboard in Resources */ = {isa = PBXBuildFile; fileRef = AE5554F71A5CE08C007DCF1D /* Main.storyboard */; };
		AE5554FC1A5CE0A5007DCF1D /* Main.storyboard in Resources */ = {isa = PBXBuildFile; fileRef = AE5554FA1A5CE0A5007DCF1D /* Main.storyboard */; };
		AE57BB4F1B5C8BC100600F50 /* NameCanvasViewController.swift in Sources */ = {isa = PBXBuildFile; fileRef = AE57BB4E1B5C8BC100600F50 /* NameCanvasViewController.swift */; };
		AE57BB511B5CA12D00600F50 /* Stroke.swift in Sources */ = {isa = PBXBuildFile; fileRef = AE57BB501B5CA12D00600F50 /* Stroke.swift */; };
		AE890D0D1A65AFAE00E604C4 /* Launch Screen.xib in Resources */ = {isa = PBXBuildFile; fileRef = AE890D0B1A65AFAE00E604C4 /* Launch Screen.xib */; };
		AE890D0F1A68970800E604C4 /* CGPoint+Extensions.swift in Sources */ = {isa = PBXBuildFile; fileRef = AE890D0E1A68970800E604C4 /* CGPoint+Extensions.swift */; };
		AE890D111A68AB5B00E604C4 /* VisualizeCollectionViewController.swift in Sources */ = {isa = PBXBuildFile; fileRef = AE890D101A68AB5B00E604C4 /* VisualizeCollectionViewController.swift */; };
		AE890D121A68D33F00E604C4 /* ujipenchars2_test.json in Resources */ = {isa = PBXBuildFile; fileRef = AE3DD23B1A52785D007D1500 /* ujipenchars2_test.json */; };
		AE890D131A68D33F00E604C4 /* ujipenchars2_train.json in Resources */ = {isa = PBXBuildFile; fileRef = AE3DD23C1A52785D007D1500 /* ujipenchars2_train.json */; };
		AE890D141A699A0400E604C4 /* bridger_test.json in Resources */ = {isa = PBXBuildFile; fileRef = AE3DD2471A5494B7007D1500 /* bridger_test.json */; };
		AE890D161A699E7E00E604C4 /* Utils.swift in Sources */ = {isa = PBXBuildFile; fileRef = AE890D151A699E7E00E604C4 /* Utils.swift */; };
		AE890D181A69DA0300E604C4 /* bridger_normalized.json in Resources */ = {isa = PBXBuildFile; fileRef = AE890D171A69DA0300E604C4 /* bridger_normalized.json */; };
		AEA7F36A1A7DBF86008A07E4 /* FiftyThreeSdk.framework in Frameworks */ = {isa = PBXBuildFile; fileRef = AEA7F3691A7DBF86008A07E4 /* FiftyThreeSdk.framework */; };
		AEA7F36C1A7DBFE0008A07E4 /* libc++.dylib in Frameworks */ = {isa = PBXBuildFile; fileRef = AEA7F36B1A7DBFE0008A07E4 /* libc++.dylib */; };
		AEA7F36E1A7DBFEC008A07E4 /* CoreBluetooth.framework in Frameworks */ = {isa = PBXBuildFile; fileRef = AEA7F36D1A7DBFEC008A07E4 /* CoreBluetooth.framework */; };
		AEA7F3701A7DBFF3008A07E4 /* CoreGraphics.framework in Frameworks */ = {isa = PBXBuildFile; fileRef = AEA7F36F1A7DBFF3008A07E4 /* CoreGraphics.framework */; };
		AEA7F3721A7DC065008A07E4 /* main.swift in Sources */ = {isa = PBXBuildFile; fileRef = AEA7F3711A7DC065008A07E4 /* main.swift */; };
		AEA8E8331A86C52D0050344B /* DDMathOperator.m in Sources */ = {isa = PBXBuildFile; fileRef = AEA8E82E1A86C52D0050344B /* DDMathOperator.m */; };
		AEA8E8341A86C52D0050344B /* DDMathOperatorSet.m in Sources */ = {isa = PBXBuildFile; fileRef = AEA8E8301A86C52D0050344B /* DDMathOperatorSet.m */; };
		AEA8E8351A86C52D0050344B /* DDMathOperatorTypes.m in Sources */ = {isa = PBXBuildFile; fileRef = AEA8E8321A86C52D0050344B /* DDMathOperatorTypes.m */; };
		AEA8E83E1A86C55E0050344B /* DDMathToken.m in Sources */ = {isa = PBXBuildFile; fileRef = AEA8E8391A86C55E0050344B /* DDMathToken.m */; };
		AEA8E83F1A86C55E0050344B /* DDMathTokenInterpreter.m in Sources */ = {isa = PBXBuildFile; fileRef = AEA8E83B1A86C55E0050344B /* DDMathTokenInterpreter.m */; };
		AEA8E8401A86C55E0050344B /* DDMathTokenizer.m in Sources */ = {isa = PBXBuildFile; fileRef = AEA8E83D1A86C55E0050344B /* DDMathTokenizer.m */; };
		AEA8E84A1A86C5A30050344B /* _DDMathTermResolver.m in Sources */ = {isa = PBXBuildFile; fileRef = AEA8E8431A86C5A30050344B /* _DDMathTermResolver.m */; };
		AEA8E84B1A86C5A30050344B /* _DDParserTerm.m in Sources */ = {isa = PBXBuildFile; fileRef = AEA8E8451A86C5A30050344B /* _DDParserTerm.m */; };
		AEA8E84C1A86C5A30050344B /* DDEnumerator.m in Sources */ = {isa = PBXBuildFile; fileRef = AEA8E8471A86C5A30050344B /* DDEnumerator.m */; };
		AEA8E84D1A86C5A30050344B /* DDParser.m in Sources */ = {isa = PBXBuildFile; fileRef = AEA8E8491A86C5A30050344B /* DDParser.m */; };
		AEA8E8501A86C5B70050344B /* NSString+DDMathParsing.m in Sources */ = {isa = PBXBuildFile; fileRef = AEA8E84F1A86C5B70050344B /* NSString+DDMathParsing.m */; };
		AEA8E85A1A86C6150050344B /* DDMathEvaluator.m in Sources */ = {isa = PBXBuildFile; fileRef = AEA8E8561A86C6150050344B /* DDMathEvaluator.m */; };
		AEA8E85B1A86C6150050344B /* DDTypes.m in Sources */ = {isa = PBXBuildFile; fileRef = AEA8E8591A86C6150050344B /* DDTypes.m */; };
		AEA8E8621A86C63C0050344B /* _DDDecimalFunctions.m in Sources */ = {isa = PBXBuildFile; fileRef = AEA8E85D1A86C63C0050344B /* _DDDecimalFunctions.m */; };
		AEA8E8631A86C63C0050344B /* _DDFunctionEvaluator.m in Sources */ = {isa = PBXBuildFile; fileRef = AEA8E85E1A86C63C0050344B /* _DDFunctionEvaluator.m */; };
		AEA8E8641A86C63C0050344B /* _DDPrecisionFunctionEvaluator.m in Sources */ = {isa = PBXBuildFile; fileRef = AEA8E8611A86C63C0050344B /* _DDPrecisionFunctionEvaluator.m */; };
		AEA8E8671A86C6910050344B /* DDExpression.m in Sources */ = {isa = PBXBuildFile; fileRef = AEA8E8661A86C6910050344B /* DDExpression.m */; };
		AEA8E86E1A86C6B60050344B /* _DDFunctionExpression.m in Sources */ = {isa = PBXBuildFile; fileRef = AEA8E8691A86C6B60050344B /* _DDFunctionExpression.m */; };
		AEA8E86F1A86C6B60050344B /* _DDNumberExpression.m in Sources */ = {isa = PBXBuildFile; fileRef = AEA8E86B1A86C6B60050344B /* _DDNumberExpression.m */; };
		AEA8E8701A86C6B60050344B /* _DDVariableExpression.m in Sources */ = {isa = PBXBuildFile; fileRef = AEA8E86D1A86C6B60050344B /* _DDVariableExpression.m */; };
		AEA8E8751A86C6C60050344B /* _DDRewriteRule.m in Sources */ = {isa = PBXBuildFile; fileRef = AEA8E8721A86C6C60050344B /* _DDRewriteRule.m */; };
		AEA8E8761A86C6C60050344B /* DDExpressionRewriter.m in Sources */ = {isa = PBXBuildFile; fileRef = AEA8E8741A86C6C60050344B /* DDExpressionRewriter.m */; };
		AEA8E8781A871B4E0050344B /* MathML.swift in Sources */ = {isa = PBXBuildFile; fileRef = AEA8E8771A871B4E0050344B /* MathML.swift */; };
		AEC033261B4B7A0400E72EE3 /* ArrowPath.swift in Sources */ = {isa = PBXBuildFile; fileRef = AEC033251B4B7A0400E72EE3 /* ArrowPath.swift */; };
		AEC9EEC01A3CDC4A002C7B08 /* AppDelegate.swift in Sources */ = {isa = PBXBuildFile; fileRef = AEC9EEBF1A3CDC4A002C7B08 /* AppDelegate.swift */; };
		AEC9EEC21A3CDC4A002C7B08 /* ViewController.swift in Sources */ = {isa = PBXBuildFile; fileRef = AEC9EEC11A3CDC4A002C7B08 /* ViewController.swift */; };
		AEC9EEC71A3CDC4A002C7B08 /* Images.xcassets in Resources */ = {isa = PBXBuildFile; fileRef = AEC9EEC61A3CDC4A002C7B08 /* Images.xcassets */; };
		AEC9EED61A3CDC4A002C7B08 /* NumberPadTests.swift in Sources */ = {isa = PBXBuildFile; fileRef = AEC9EED51A3CDC4A002C7B08 /* NumberPadTests.swift */; };
		AECB34FC1A6B1F460034A2AB /* NumberSlideView.swift in Sources */ = {isa = PBXBuildFile; fileRef = AECB34FB1A6B1F460034A2AB /* NumberSlideView.swift */; };
		AEDB570F1B45CDD10065A4DD /* UIColor+Additions.swift in Sources */ = {isa = PBXBuildFile; fileRef = AEDB570E1B45CDD10065A4DD /* UIColor+Additions.swift */; };
		AEF546551A7AD6DF00E72D0B /* bridger_normalized.json in Resources */ = {isa = PBXBuildFile; fileRef = AE890D171A69DA0300E604C4 /* bridger_normalized.json */; };
/* End PBXBuildFile section */

/* Begin PBXContainerItemProxy section */
		AE064B641A64605300A10381 /* PBXContainerItemProxy */ = {
			isa = PBXContainerItemProxy;
			containerPortal = AEC9EEB21A3CDC4A002C7B08 /* Project object */;
			proxyType = 1;
			remoteGlobalIDString = AE5554C01A5CBBF7007DCF1D;
			remoteInfo = DigitRecognizerSDK;
		};
		AE5554CD1A5CBBF7007DCF1D /* PBXContainerItemProxy */ = {
			isa = PBXContainerItemProxy;
			containerPortal = AEC9EEB21A3CDC4A002C7B08 /* Project object */;
			proxyType = 1;
			remoteGlobalIDString = AE5554C01A5CBBF7007DCF1D;
			remoteInfo = DigitRecognizerSDK;
		};
		AE5554CF1A5CBBF7007DCF1D /* PBXContainerItemProxy */ = {
			isa = PBXContainerItemProxy;
			containerPortal = AEC9EEB21A3CDC4A002C7B08 /* Project object */;
			proxyType = 1;
			remoteGlobalIDString = AE5554601A5CB9D3007DCF1D;
			remoteInfo = DigitRecognizer;
		};
		AE5554D61A5CBBF7007DCF1D /* PBXContainerItemProxy */ = {
			isa = PBXContainerItemProxy;
			containerPortal = AEC9EEB21A3CDC4A002C7B08 /* Project object */;
			proxyType = 1;
			remoteGlobalIDString = AE5554C01A5CBBF7007DCF1D;
			remoteInfo = DigitRecognizerSDK;
		};
		AEC9EED01A3CDC4A002C7B08 /* PBXContainerItemProxy */ = {
			isa = PBXContainerItemProxy;
			containerPortal = AEC9EEB21A3CDC4A002C7B08 /* Project object */;
			proxyType = 1;
			remoteGlobalIDString = AEC9EEB91A3CDC4A002C7B08;
			remoteInfo = NumberPad;
		};
/* End PBXContainerItemProxy section */

/* Begin PBXCopyFilesBuildPhase section */
		AE064B711A64C1AF00A10381 /* Embed Frameworks */ = {
			isa = PBXCopyFilesBuildPhase;
			buildActionMask = 2147483647;
			dstPath = "";
			dstSubfolderSpec = 10;
			files = (
				AE064B721A64C1D000A10381 /* DigitRecognizerSDK.framework in Embed Frameworks */,
			);
			name = "Embed Frameworks";
			runOnlyForDeploymentPostprocessing = 0;
		};
		AE5554DD1A5CBBF7007DCF1D /* Embed Frameworks */ = {
			isa = PBXCopyFilesBuildPhase;
			buildActionMask = 2147483647;
			dstPath = "";
			dstSubfolderSpec = 10;
			files = (
				AE5554D91A5CBBF7007DCF1D /* DigitRecognizerSDK.framework in Embed Frameworks */,
			);
			name = "Embed Frameworks";
			runOnlyForDeploymentPostprocessing = 0;
		};
/* End PBXCopyFilesBuildPhase section */

/* Begin PBXFileReference section */
		AE04E7531A4DE6F40077D2E3 /* DTWDigitClassifier.swift */ = {isa = PBXFileReference; fileEncoding = 4; lastKnownFileType = sourcecode.swift; path = DTWDigitClassifier.swift; sourceTree = "<group>"; };
		AE064B6A1A64679200A10381 /* Constraints.swift */ = {isa = PBXFileReference; fileEncoding = 4; lastKnownFileType = sourcecode.swift; path = Constraints.swift; sourceTree = "<group>"; };
		AE064B6D1A646A6300A10381 /* ConstraintViews.swift */ = {isa = PBXFileReference; fileEncoding = 4; lastKnownFileType = sourcecode.swift; path = ConstraintViews.swift; sourceTree = "<group>"; };
		AE064B6F1A646FB200A10381 /* Utils.swift */ = {isa = PBXFileReference; fileEncoding = 4; lastKnownFileType = sourcecode.swift; path = Utils.swift; sourceTree = "<group>"; };
		AE0EF44E1B40EE95000DFFE2 /* football@2x.png */ = {isa = PBXFileReference; lastKnownFileType = image.png; path = "football@2x.png"; sourceTree = "<group>"; };
		AE0EF4501B40EF82000DFFE2 /* Toy.swift */ = {isa = PBXFileReference; fileEncoding = 4; lastKnownFileType = sourcecode.swift; path = Toy.swift; sourceTree = "<group>"; };
		AE1CA0731A8C651B00CC1FDA /* SwiftAutoLayout.swift */ = {isa = PBXFileReference; fileEncoding = 4; lastKnownFileType = sourcecode.swift; path = SwiftAutoLayout.swift; sourceTree = "<group>"; };
		AE1CA0751A8C652A00CC1FDA /* VisualFormat.swift */ = {isa = PBXFileReference; fileEncoding = 4; lastKnownFileType = sourcecode.swift; path = VisualFormat.swift; sourceTree = "<group>"; };
		AE3DD2331A52100E007D1500 /* DTWDigitClassifierTests.swift */ = {isa = PBXFileReference; fileEncoding = 4; lastKnownFileType = sourcecode.swift; path = DTWDigitClassifierTests.swift; sourceTree = "<group>"; };
		AE3DD2391A52784A007D1500 /* ujipenchars2.json */ = {isa = PBXFileReference; fileEncoding = 4; lastKnownFileType = text.json; name = ujipenchars2.json; path = Data/ujipenchars2.json; sourceTree = SOURCE_ROOT; };
		AE3DD23B1A52785D007D1500 /* ujipenchars2_test.json */ = {isa = PBXFileReference; fileEncoding = 4; lastKnownFileType = text.json; name = ujipenchars2_test.json; path = Data/ujipenchars2_test.json; sourceTree = SOURCE_ROOT; };
		AE3DD23C1A52785D007D1500 /* ujipenchars2_train.json */ = {isa = PBXFileReference; fileEncoding = 4; lastKnownFileType = text.json; name = ujipenchars2_train.json; path = Data/ujipenchars2_train.json; sourceTree = SOURCE_ROOT; };
		AE3DD2401A537C0A007D1500 /* SortedMinArray.swift */ = {isa = PBXFileReference; fileEncoding = 4; lastKnownFileType = sourcecode.swift; path = SortedMinArray.swift; sourceTree = "<group>"; };
		AE3DD2431A544C02007D1500 /* SortedMinArrayTests.swift */ = {isa = PBXFileReference; fileEncoding = 4; lastKnownFileType = sourcecode.swift; path = SortedMinArrayTests.swift; sourceTree = "<group>"; };
		AE3DD2471A5494B7007D1500 /* bridger_test.json */ = {isa = PBXFileReference; fileEncoding = 4; lastKnownFileType = text.json; name = bridger_test.json; path = Data/bridger_test.json; sourceTree = SOURCE_ROOT; };
		AE3DD2481A5494B7007D1500 /* bridger_train.json */ = {isa = PBXFileReference; fileEncoding = 4; lastKnownFileType = text.json; name = bridger_train.json; path = Data/bridger_train.json; sourceTree = SOURCE_ROOT; };
		AE5554611A5CB9D3007DCF1D /* DigitRecognizer.app */ = {isa = PBXFileReference; explicitFileType = wrapper.application; includeInIndex = 0; path = DigitRecognizer.app; sourceTree = BUILT_PRODUCTS_DIR; };
		AE5554641A5CB9D3007DCF1D /* Info.plist */ = {isa = PBXFileReference; lastKnownFileType = text.plist.xml; path = Info.plist; sourceTree = "<group>"; };
		AE5554651A5CB9D3007DCF1D /* AppDelegate.swift */ = {isa = PBXFileReference; lastKnownFileType = sourcecode.swift; path = AppDelegate.swift; sourceTree = "<group>"; };
		AE5554671A5CB9D3007DCF1D /* ViewController.swift */ = {isa = PBXFileReference; lastKnownFileType = sourcecode.swift; path = ViewController.swift; sourceTree = "<group>"; };
		AE55546C1A5CB9D3007DCF1D /* Images.xcassets */ = {isa = PBXFileReference; lastKnownFileType = folder.assetcatalog; path = Images.xcassets; sourceTree = "<group>"; };
		AE55547A1A5CB9D3007DCF1D /* Info.plist */ = {isa = PBXFileReference; lastKnownFileType = text.plist.xml; path = Info.plist; sourceTree = "<group>"; };
		AE55547B1A5CB9D3007DCF1D /* DigitRecognizerTests.swift */ = {isa = PBXFileReference; lastKnownFileType = sourcecode.swift; path = DigitRecognizerTests.swift; sourceTree = "<group>"; };
		AE5554C11A5CBBF7007DCF1D /* DigitRecognizerSDK.framework */ = {isa = PBXFileReference; explicitFileType = wrapper.framework; includeInIndex = 0; path = DigitRecognizerSDK.framework; sourceTree = BUILT_PRODUCTS_DIR; };
		AE5554C41A5CBBF7007DCF1D /* Info.plist */ = {isa = PBXFileReference; lastKnownFileType = text.plist.xml; path = Info.plist; sourceTree = "<group>"; };
		AE5554C51A5CBBF7007DCF1D /* DigitRecognizerSDK.h */ = {isa = PBXFileReference; lastKnownFileType = sourcecode.c.h; path = DigitRecognizerSDK.h; sourceTree = "<group>"; };
		AE5554CB1A5CBBF7007DCF1D /* DigitRecognizerSDKTests.xctest */ = {isa = PBXFileReference; explicitFileType = wrapper.cfbundle; includeInIndex = 0; path = DigitRecognizerSDKTests.xctest; sourceTree = BUILT_PRODUCTS_DIR; };
		AE5554D31A5CBBF7007DCF1D /* Info.plist */ = {isa = PBXFileReference; lastKnownFileType = text.plist.xml; path = Info.plist; sourceTree = "<group>"; };
		AE5554D41A5CBBF7007DCF1D /* DigitRecognizerSDKTests.swift */ = {isa = PBXFileReference; lastKnownFileType = sourcecode.swift; path = DigitRecognizerSDKTests.swift; sourceTree = "<group>"; };
		AE5554F81A5CE08C007DCF1D /* Base */ = {isa = PBXFileReference; lastKnownFileType = file.storyboard; name = Base; path = Base.lproj/Main.storyboard; sourceTree = "<group>"; };
		AE5554FB1A5CE0A5007DCF1D /* Base */ = {isa = PBXFileReference; lastKnownFileType = file.storyboard; name = Base; path = Base.lproj/Main.storyboard; sourceTree = "<group>"; };
		AE57BB4E1B5C8BC100600F50 /* NameCanvasViewController.swift */ = {isa = PBXFileReference; fileEncoding = 4; lastKnownFileType = sourcecode.swift; path = NameCanvasViewController.swift; sourceTree = "<group>"; };
		AE57BB501B5CA12D00600F50 /* Stroke.swift */ = {isa = PBXFileReference; fileEncoding = 4; lastKnownFileType = sourcecode.swift; path = Stroke.swift; sourceTree = "<group>"; };
		AE890D0C1A65AFAE00E604C4 /* Base */ = {isa = PBXFileReference; lastKnownFileType = file.xib; name = Base; path = "Base.lproj/Launch Screen.xib"; sourceTree = "<group>"; };
		AE890D0E1A68970800E604C4 /* CGPoint+Extensions.swift */ = {isa = PBXFileReference; fileEncoding = 4; lastKnownFileType = sourcecode.swift; path = "CGPoint+Extensions.swift"; sourceTree = "<group>"; };
		AE890D101A68AB5B00E604C4 /* VisualizeCollectionViewController.swift */ = {isa = PBXFileReference; fileEncoding = 4; lastKnownFileType = sourcecode.swift; path = VisualizeCollectionViewController.swift; sourceTree = "<group>"; };
		AE890D151A699E7E00E604C4 /* Utils.swift */ = {isa = PBXFileReference; fileEncoding = 4; lastKnownFileType = sourcecode.swift; path = Utils.swift; sourceTree = "<group>"; };
		AE890D171A69DA0300E604C4 /* bridger_normalized.json */ = {isa = PBXFileReference; fileEncoding = 4; lastKnownFileType = text.json; path = bridger_normalized.json; sourceTree = "<group>"; };
		AEA7F3691A7DBF86008A07E4 /* FiftyThreeSdk.framework */ = {isa = PBXFileReference; lastKnownFileType = wrapper.framework; path = FiftyThreeSdk.framework; sourceTree = "<group>"; };
		AEA7F36B1A7DBFE0008A07E4 /* libc++.dylib */ = {isa = PBXFileReference; lastKnownFileType = "compiled.mach-o.dylib"; name = "libc++.dylib"; path = "usr/lib/libc++.dylib"; sourceTree = SDKROOT; };
		AEA7F36D1A7DBFEC008A07E4 /* CoreBluetooth.framework */ = {isa = PBXFileReference; lastKnownFileType = wrapper.framework; name = CoreBluetooth.framework; path = System/Library/Frameworks/CoreBluetooth.framework; sourceTree = SDKROOT; };
		AEA7F36F1A7DBFF3008A07E4 /* CoreGraphics.framework */ = {isa = PBXFileReference; lastKnownFileType = wrapper.framework; name = CoreGraphics.framework; path = System/Library/Frameworks/CoreGraphics.framework; sourceTree = SDKROOT; };
		AEA7F3711A7DC065008A07E4 /* main.swift */ = {isa = PBXFileReference; fileEncoding = 4; lastKnownFileType = sourcecode.swift; path = main.swift; sourceTree = "<group>"; };
		AEA8E82A1A86C5060050344B /* DDMathParser.h */ = {isa = PBXFileReference; fileEncoding = 4; lastKnownFileType = sourcecode.c.h; path = DDMathParser.h; sourceTree = "<group>"; };
		AEA8E82B1A86C5060050344B /* DDMathParserMacros.h */ = {isa = PBXFileReference; fileEncoding = 4; lastKnownFileType = sourcecode.c.h; path = DDMathParserMacros.h; sourceTree = "<group>"; };
		AEA8E82D1A86C52D0050344B /* DDMathOperator.h */ = {isa = PBXFileReference; fileEncoding = 4; lastKnownFileType = sourcecode.c.h; path = DDMathOperator.h; sourceTree = "<group>"; };
		AEA8E82E1A86C52D0050344B /* DDMathOperator.m */ = {isa = PBXFileReference; fileEncoding = 4; lastKnownFileType = sourcecode.c.objc; path = DDMathOperator.m; sourceTree = "<group>"; };
		AEA8E82F1A86C52D0050344B /* DDMathOperatorSet.h */ = {isa = PBXFileReference; fileEncoding = 4; lastKnownFileType = sourcecode.c.h; path = DDMathOperatorSet.h; sourceTree = "<group>"; };
		AEA8E8301A86C52D0050344B /* DDMathOperatorSet.m */ = {isa = PBXFileReference; fileEncoding = 4; lastKnownFileType = sourcecode.c.objc; path = DDMathOperatorSet.m; sourceTree = "<group>"; };
		AEA8E8311A86C52D0050344B /* DDMathOperatorTypes.h */ = {isa = PBXFileReference; fileEncoding = 4; lastKnownFileType = sourcecode.c.h; path = DDMathOperatorTypes.h; sourceTree = "<group>"; };
		AEA8E8321A86C52D0050344B /* DDMathOperatorTypes.m */ = {isa = PBXFileReference; fileEncoding = 4; lastKnownFileType = sourcecode.c.objc; path = DDMathOperatorTypes.m; sourceTree = "<group>"; };
		AEA8E8381A86C55E0050344B /* DDMathToken.h */ = {isa = PBXFileReference; fileEncoding = 4; lastKnownFileType = sourcecode.c.h; path = DDMathToken.h; sourceTree = "<group>"; };
		AEA8E8391A86C55E0050344B /* DDMathToken.m */ = {isa = PBXFileReference; fileEncoding = 4; lastKnownFileType = sourcecode.c.objc; path = DDMathToken.m; sourceTree = "<group>"; };
		AEA8E83A1A86C55E0050344B /* DDMathTokenInterpreter.h */ = {isa = PBXFileReference; fileEncoding = 4; lastKnownFileType = sourcecode.c.h; path = DDMathTokenInterpreter.h; sourceTree = "<group>"; };
		AEA8E83B1A86C55E0050344B /* DDMathTokenInterpreter.m */ = {isa = PBXFileReference; fileEncoding = 4; lastKnownFileType = sourcecode.c.objc; path = DDMathTokenInterpreter.m; sourceTree = "<group>"; };
		AEA8E83C1A86C55E0050344B /* DDMathTokenizer.h */ = {isa = PBXFileReference; fileEncoding = 4; lastKnownFileType = sourcecode.c.h; path = DDMathTokenizer.h; sourceTree = "<group>"; };
		AEA8E83D1A86C55E0050344B /* DDMathTokenizer.m */ = {isa = PBXFileReference; fileEncoding = 4; lastKnownFileType = sourcecode.c.objc; path = DDMathTokenizer.m; sourceTree = "<group>"; };
		AEA8E8421A86C5A30050344B /* _DDMathTermResolver.h */ = {isa = PBXFileReference; fileEncoding = 4; lastKnownFileType = sourcecode.c.h; path = _DDMathTermResolver.h; sourceTree = "<group>"; };
		AEA8E8431A86C5A30050344B /* _DDMathTermResolver.m */ = {isa = PBXFileReference; fileEncoding = 4; lastKnownFileType = sourcecode.c.objc; path = _DDMathTermResolver.m; sourceTree = "<group>"; };
		AEA8E8441A86C5A30050344B /* _DDParserTerm.h */ = {isa = PBXFileReference; fileEncoding = 4; lastKnownFileType = sourcecode.c.h; path = _DDParserTerm.h; sourceTree = "<group>"; };
		AEA8E8451A86C5A30050344B /* _DDParserTerm.m */ = {isa = PBXFileReference; fileEncoding = 4; lastKnownFileType = sourcecode.c.objc; path = _DDParserTerm.m; sourceTree = "<group>"; };
		AEA8E8461A86C5A30050344B /* DDEnumerator.h */ = {isa = PBXFileReference; fileEncoding = 4; lastKnownFileType = sourcecode.c.h; path = DDEnumerator.h; sourceTree = "<group>"; };
		AEA8E8471A86C5A30050344B /* DDEnumerator.m */ = {isa = PBXFileReference; fileEncoding = 4; lastKnownFileType = sourcecode.c.objc; path = DDEnumerator.m; sourceTree = "<group>"; };
		AEA8E8481A86C5A30050344B /* DDParser.h */ = {isa = PBXFileReference; fileEncoding = 4; lastKnownFileType = sourcecode.c.h; path = DDParser.h; sourceTree = "<group>"; };
		AEA8E8491A86C5A30050344B /* DDParser.m */ = {isa = PBXFileReference; fileEncoding = 4; lastKnownFileType = sourcecode.c.objc; path = DDParser.m; sourceTree = "<group>"; };
		AEA8E84E1A86C5B70050344B /* NSString+DDMathParsing.h */ = {isa = PBXFileReference; fileEncoding = 4; lastKnownFileType = sourcecode.c.h; path = "NSString+DDMathParsing.h"; sourceTree = "<group>"; };
		AEA8E84F1A86C5B70050344B /* NSString+DDMathParsing.m */ = {isa = PBXFileReference; fileEncoding = 4; lastKnownFileType = sourcecode.c.objc; path = "NSString+DDMathParsing.m"; sourceTree = "<group>"; };
		AEA8E8551A86C6150050344B /* DDMathEvaluator.h */ = {isa = PBXFileReference; fileEncoding = 4; lastKnownFileType = sourcecode.c.h; path = DDMathEvaluator.h; sourceTree = "<group>"; };
		AEA8E8561A86C6150050344B /* DDMathEvaluator.m */ = {isa = PBXFileReference; fileEncoding = 4; lastKnownFileType = sourcecode.c.objc; path = DDMathEvaluator.m; sourceTree = "<group>"; };
		AEA8E8571A86C6150050344B /* DDMathEvaluator+Private.h */ = {isa = PBXFileReference; fileEncoding = 4; lastKnownFileType = sourcecode.c.h; path = "DDMathEvaluator+Private.h"; sourceTree = "<group>"; };
		AEA8E8581A86C6150050344B /* DDTypes.h */ = {isa = PBXFileReference; fileEncoding = 4; lastKnownFileType = sourcecode.c.h; path = DDTypes.h; sourceTree = "<group>"; };
		AEA8E8591A86C6150050344B /* DDTypes.m */ = {isa = PBXFileReference; fileEncoding = 4; lastKnownFileType = sourcecode.c.objc; path = DDTypes.m; sourceTree = "<group>"; };
		AEA8E85C1A86C63C0050344B /* _DDDecimalFunctions.h */ = {isa = PBXFileReference; fileEncoding = 4; lastKnownFileType = sourcecode.c.h; path = _DDDecimalFunctions.h; sourceTree = "<group>"; };
		AEA8E85D1A86C63C0050344B /* _DDDecimalFunctions.m */ = {isa = PBXFileReference; fileEncoding = 4; lastKnownFileType = sourcecode.c.objc; path = _DDDecimalFunctions.m; sourceTree = "<group>"; };
		AEA8E85E1A86C63C0050344B /* _DDFunctionEvaluator.m */ = {isa = PBXFileReference; fileEncoding = 4; lastKnownFileType = sourcecode.c.objc; path = _DDFunctionEvaluator.m; sourceTree = "<group>"; };
		AEA8E85F1A86C63C0050344B /* _DDFunctionExpression.h */ = {isa = PBXFileReference; fileEncoding = 4; lastKnownFileType = sourcecode.c.h; path = _DDFunctionExpression.h; sourceTree = "<group>"; };
		AEA8E8601A86C63C0050344B /* _DDPrecisionFunctionEvaluator.h */ = {isa = PBXFileReference; fileEncoding = 4; lastKnownFileType = sourcecode.c.h; path = _DDPrecisionFunctionEvaluator.h; sourceTree = "<group>"; };
		AEA8E8611A86C63C0050344B /* _DDPrecisionFunctionEvaluator.m */ = {isa = PBXFileReference; fileEncoding = 4; lastKnownFileType = sourcecode.c.objc; path = _DDPrecisionFunctionEvaluator.m; sourceTree = "<group>"; };
		AEA8E8651A86C6910050344B /* DDExpression.h */ = {isa = PBXFileReference; fileEncoding = 4; lastKnownFileType = sourcecode.c.h; path = DDExpression.h; sourceTree = "<group>"; };
		AEA8E8661A86C6910050344B /* DDExpression.m */ = {isa = PBXFileReference; fileEncoding = 4; lastKnownFileType = sourcecode.c.objc; path = DDExpression.m; sourceTree = "<group>"; };
		AEA8E8681A86C6B60050344B /* _DDFunctionExpression.h */ = {isa = PBXFileReference; fileEncoding = 4; lastKnownFileType = sourcecode.c.h; path = _DDFunctionExpression.h; sourceTree = "<group>"; };
		AEA8E8691A86C6B60050344B /* _DDFunctionExpression.m */ = {isa = PBXFileReference; fileEncoding = 4; lastKnownFileType = sourcecode.c.objc; path = _DDFunctionExpression.m; sourceTree = "<group>"; };
		AEA8E86A1A86C6B60050344B /* _DDNumberExpression.h */ = {isa = PBXFileReference; fileEncoding = 4; lastKnownFileType = sourcecode.c.h; path = _DDNumberExpression.h; sourceTree = "<group>"; };
		AEA8E86B1A86C6B60050344B /* _DDNumberExpression.m */ = {isa = PBXFileReference; fileEncoding = 4; lastKnownFileType = sourcecode.c.objc; path = _DDNumberExpression.m; sourceTree = "<group>"; };
		AEA8E86C1A86C6B60050344B /* _DDVariableExpression.h */ = {isa = PBXFileReference; fileEncoding = 4; lastKnownFileType = sourcecode.c.h; path = _DDVariableExpression.h; sourceTree = "<group>"; };
		AEA8E86D1A86C6B60050344B /* _DDVariableExpression.m */ = {isa = PBXFileReference; fileEncoding = 4; lastKnownFileType = sourcecode.c.objc; path = _DDVariableExpression.m; sourceTree = "<group>"; };
		AEA8E8711A86C6C60050344B /* _DDRewriteRule.h */ = {isa = PBXFileReference; fileEncoding = 4; lastKnownFileType = sourcecode.c.h; path = _DDRewriteRule.h; sourceTree = "<group>"; };
		AEA8E8721A86C6C60050344B /* _DDRewriteRule.m */ = {isa = PBXFileReference; fileEncoding = 4; lastKnownFileType = sourcecode.c.objc; path = _DDRewriteRule.m; sourceTree = "<group>"; };
		AEA8E8731A86C6C60050344B /* DDExpressionRewriter.h */ = {isa = PBXFileReference; fileEncoding = 4; lastKnownFileType = sourcecode.c.h; path = DDExpressionRewriter.h; sourceTree = "<group>"; };
		AEA8E8741A86C6C60050344B /* DDExpressionRewriter.m */ = {isa = PBXFileReference; fileEncoding = 4; lastKnownFileType = sourcecode.c.objc; path = DDExpressionRewriter.m; sourceTree = "<group>"; };
		AEA8E8771A871B4E0050344B /* MathML.swift */ = {isa = PBXFileReference; fileEncoding = 4; lastKnownFileType = sourcecode.swift; path = MathML.swift; sourceTree = "<group>"; };
		AEC033251B4B7A0400E72EE3 /* ArrowPath.swift */ = {isa = PBXFileReference; fileEncoding = 4; lastKnownFileType = sourcecode.swift; path = ArrowPath.swift; sourceTree = "<group>"; };
		AEC9EEBA1A3CDC4A002C7B08 /* NumberPad.app */ = {isa = PBXFileReference; explicitFileType = wrapper.application; includeInIndex = 0; path = NumberPad.app; sourceTree = BUILT_PRODUCTS_DIR; };
		AEC9EEBE1A3CDC4A002C7B08 /* Info.plist */ = {isa = PBXFileReference; lastKnownFileType = text.plist.xml; path = Info.plist; sourceTree = "<group>"; };
		AEC9EEBF1A3CDC4A002C7B08 /* AppDelegate.swift */ = {isa = PBXFileReference; lastKnownFileType = sourcecode.swift; path = AppDelegate.swift; sourceTree = "<group>"; };
		AEC9EEC11A3CDC4A002C7B08 /* ViewController.swift */ = {isa = PBXFileReference; lastKnownFileType = sourcecode.swift; path = ViewController.swift; sourceTree = "<group>"; };
		AEC9EEC61A3CDC4A002C7B08 /* Images.xcassets */ = {isa = PBXFileReference; lastKnownFileType = folder.assetcatalog; path = Images.xcassets; sourceTree = "<group>"; };
		AEC9EECF1A3CDC4A002C7B08 /* NumberPadTests.xctest */ = {isa = PBXFileReference; explicitFileType = wrapper.cfbundle; includeInIndex = 0; path = NumberPadTests.xctest; sourceTree = BUILT_PRODUCTS_DIR; };
		AEC9EED41A3CDC4A002C7B08 /* Info.plist */ = {isa = PBXFileReference; lastKnownFileType = text.plist.xml; path = Info.plist; sourceTree = "<group>"; };
		AEC9EED51A3CDC4A002C7B08 /* NumberPadTests.swift */ = {isa = PBXFileReference; lastKnownFileType = sourcecode.swift; path = NumberPadTests.swift; sourceTree = "<group>"; };
		AEC9EEDF1A3CEB3A002C7B08 /* StrokeGestureRecognizer.swift */ = {isa = PBXFileReference; fileEncoding = 4; lastKnownFileType = sourcecode.swift; path = StrokeGestureRecognizer.swift; sourceTree = "<group>"; };
		AECB34F31A6AEC540034A2AB /* NumberPad-Bridging-Header.h */ = {isa = PBXFileReference; lastKnownFileType = sourcecode.c.h; path = "NumberPad-Bridging-Header.h"; sourceTree = "<group>"; };
		AECB34FB1A6B1F460034A2AB /* NumberSlideView.swift */ = {isa = PBXFileReference; fileEncoding = 4; lastKnownFileType = sourcecode.swift; path = NumberSlideView.swift; sourceTree = "<group>"; };
		AEDB570E1B45CDD10065A4DD /* UIColor+Additions.swift */ = {isa = PBXFileReference; fileEncoding = 4; lastKnownFileType = sourcecode.swift; path = "UIColor+Additions.swift"; sourceTree = "<group>"; };
/* End PBXFileReference section */

/* Begin PBXFrameworksBuildPhase section */
		AE55545E1A5CB9D3007DCF1D /* Frameworks */ = {
			isa = PBXFrameworksBuildPhase;
			buildActionMask = 2147483647;
			files = (
				AE5554D81A5CBBF7007DCF1D /* DigitRecognizerSDK.framework in Frameworks */,
			);
			runOnlyForDeploymentPostprocessing = 0;
		};
		AE5554BD1A5CBBF7007DCF1D /* Frameworks */ = {
			isa = PBXFrameworksBuildPhase;
			buildActionMask = 2147483647;
			files = (
			);
			runOnlyForDeploymentPostprocessing = 0;
		};
		AE5554C81A5CBBF7007DCF1D /* Frameworks */ = {
			isa = PBXFrameworksBuildPhase;
			buildActionMask = 2147483647;
			files = (
				AE5554CC1A5CBBF7007DCF1D /* DigitRecognizerSDK.framework in Frameworks */,
			);
			runOnlyForDeploymentPostprocessing = 0;
		};
		AEC9EEB71A3CDC4A002C7B08 /* Frameworks */ = {
			isa = PBXFrameworksBuildPhase;
			buildActionMask = 2147483647;
			files = (
				AEA7F3701A7DBFF3008A07E4 /* CoreGraphics.framework in Frameworks */,
				AEA7F36E1A7DBFEC008A07E4 /* CoreBluetooth.framework in Frameworks */,
				AEA7F36C1A7DBFE0008A07E4 /* libc++.dylib in Frameworks */,
				AE064B661A64605A00A10381 /* DigitRecognizerSDK.framework in Frameworks */,
				AEA7F36A1A7DBF86008A07E4 /* FiftyThreeSdk.framework in Frameworks */,
			);
			runOnlyForDeploymentPostprocessing = 0;
		};
		AEC9EECC1A3CDC4A002C7B08 /* Frameworks */ = {
			isa = PBXFrameworksBuildPhase;
			buildActionMask = 2147483647;
			files = (
			);
			runOnlyForDeploymentPostprocessing = 0;
		};
/* End PBXFrameworksBuildPhase section */

/* Begin PBXGroup section */
		AE5554621A5CB9D3007DCF1D /* DigitRecognizer */ = {
			isa = PBXGroup;
			children = (
				AE5554651A5CB9D3007DCF1D /* AppDelegate.swift */,
				AE5554671A5CB9D3007DCF1D /* ViewController.swift */,
				AE890D101A68AB5B00E604C4 /* VisualizeCollectionViewController.swift */,
				AE5554F71A5CE08C007DCF1D /* Main.storyboard */,
				AE55546C1A5CB9D3007DCF1D /* Images.xcassets */,
				AE5554631A5CB9D3007DCF1D /* Supporting Files */,
			);
			path = DigitRecognizer;
			sourceTree = "<group>";
		};
		AE5554631A5CB9D3007DCF1D /* Supporting Files */ = {
			isa = PBXGroup;
			children = (
				AE5554641A5CB9D3007DCF1D /* Info.plist */,
			);
			name = "Supporting Files";
			sourceTree = "<group>";
		};
		AE5554781A5CB9D3007DCF1D /* DigitRecognizerTests */ = {
			isa = PBXGroup;
			children = (
				AE55547B1A5CB9D3007DCF1D /* DigitRecognizerTests.swift */,
				AE5554791A5CB9D3007DCF1D /* Supporting Files */,
			);
			path = DigitRecognizerTests;
			sourceTree = "<group>";
		};
		AE5554791A5CB9D3007DCF1D /* Supporting Files */ = {
			isa = PBXGroup;
			children = (
				AE55547A1A5CB9D3007DCF1D /* Info.plist */,
			);
			name = "Supporting Files";
			sourceTree = "<group>";
		};
		AE5554C21A5CBBF7007DCF1D /* DigitRecognizerSDK */ = {
			isa = PBXGroup;
			children = (
				AE04E7531A4DE6F40077D2E3 /* DTWDigitClassifier.swift */,
				AE3DD2401A537C0A007D1500 /* SortedMinArray.swift */,
				AEC9EEDF1A3CEB3A002C7B08 /* StrokeGestureRecognizer.swift */,
				AE890D0E1A68970800E604C4 /* CGPoint+Extensions.swift */,
				AE890D151A699E7E00E604C4 /* Utils.swift */,
				AE5554C51A5CBBF7007DCF1D /* DigitRecognizerSDK.h */,
				AE5554C31A5CBBF7007DCF1D /* Supporting Files */,
			);
			path = DigitRecognizerSDK;
			sourceTree = "<group>";
		};
		AE5554C31A5CBBF7007DCF1D /* Supporting Files */ = {
			isa = PBXGroup;
			children = (
				AE5554C41A5CBBF7007DCF1D /* Info.plist */,
			);
			name = "Supporting Files";
			sourceTree = "<group>";
		};
		AE5554D11A5CBBF7007DCF1D /* DigitRecognizerSDKTests */ = {
			isa = PBXGroup;
			children = (
				AE3DD2331A52100E007D1500 /* DTWDigitClassifierTests.swift */,
				AE3DD2431A544C02007D1500 /* SortedMinArrayTests.swift */,
				AE5554D41A5CBBF7007DCF1D /* DigitRecognizerSDKTests.swift */,
				AE5554D21A5CBBF7007DCF1D /* Supporting Files */,
			);
			path = DigitRecognizerSDKTests;
			sourceTree = "<group>";
		};
		AE5554D21A5CBBF7007DCF1D /* Supporting Files */ = {
			isa = PBXGroup;
			children = (
				AE5554D31A5CBBF7007DCF1D /* Info.plist */,
			);
			name = "Supporting Files";
			sourceTree = "<group>";
		};
		AEA8E8291A86C4DB0050344B /* DDMathParser */ = {
			isa = PBXGroup;
			children = (
				AEA8E82A1A86C5060050344B /* DDMathParser.h */,
				AEA8E82B1A86C5060050344B /* DDMathParserMacros.h */,
				AEA8E82C1A86C50C0050344B /* Parser */,
				AEA8E8511A86C5CC0050344B /* Evaluator */,
				AEA8E8521A86C5D70050344B /* Rewriting */,
			);
			path = DDMathParser;
			sourceTree = "<group>";
		};
		AEA8E82C1A86C50C0050344B /* Parser */ = {
			isa = PBXGroup;
			children = (
				AEA8E84E1A86C5B70050344B /* NSString+DDMathParsing.h */,
				AEA8E84F1A86C5B70050344B /* NSString+DDMathParsing.m */,
				AEA8E8361A86C5350050344B /* Operators */,
				AEA8E8371A86C5410050344B /* Tokens */,
				AEA8E8411A86C5630050344B /* Precedence Parser */,
			);
			name = Parser;
			sourceTree = "<group>";
		};
		AEA8E8361A86C5350050344B /* Operators */ = {
			isa = PBXGroup;
			children = (
				AEA8E82D1A86C52D0050344B /* DDMathOperator.h */,
				AEA8E82E1A86C52D0050344B /* DDMathOperator.m */,
				AEA8E82F1A86C52D0050344B /* DDMathOperatorSet.h */,
				AEA8E8301A86C52D0050344B /* DDMathOperatorSet.m */,
				AEA8E8311A86C52D0050344B /* DDMathOperatorTypes.h */,
				AEA8E8321A86C52D0050344B /* DDMathOperatorTypes.m */,
			);
			name = Operators;
			sourceTree = "<group>";
		};
		AEA8E8371A86C5410050344B /* Tokens */ = {
			isa = PBXGroup;
			children = (
				AEA8E8381A86C55E0050344B /* DDMathToken.h */,
				AEA8E8391A86C55E0050344B /* DDMathToken.m */,
				AEA8E83A1A86C55E0050344B /* DDMathTokenInterpreter.h */,
				AEA8E83B1A86C55E0050344B /* DDMathTokenInterpreter.m */,
				AEA8E83C1A86C55E0050344B /* DDMathTokenizer.h */,
				AEA8E83D1A86C55E0050344B /* DDMathTokenizer.m */,
			);
			name = Tokens;
			sourceTree = "<group>";
		};
		AEA8E8411A86C5630050344B /* Precedence Parser */ = {
			isa = PBXGroup;
			children = (
				AEA8E8461A86C5A30050344B /* DDEnumerator.h */,
				AEA8E8471A86C5A30050344B /* DDEnumerator.m */,
				AEA8E8481A86C5A30050344B /* DDParser.h */,
				AEA8E8491A86C5A30050344B /* DDParser.m */,
				AEA8E8421A86C5A30050344B /* _DDMathTermResolver.h */,
				AEA8E8431A86C5A30050344B /* _DDMathTermResolver.m */,
				AEA8E8441A86C5A30050344B /* _DDParserTerm.h */,
				AEA8E8451A86C5A30050344B /* _DDParserTerm.m */,
			);
			name = "Precedence Parser";
			sourceTree = "<group>";
		};
		AEA8E8511A86C5CC0050344B /* Evaluator */ = {
			isa = PBXGroup;
			children = (
				AEA8E8551A86C6150050344B /* DDMathEvaluator.h */,
				AEA8E8561A86C6150050344B /* DDMathEvaluator.m */,
				AEA8E8571A86C6150050344B /* DDMathEvaluator+Private.h */,
				AEA8E8581A86C6150050344B /* DDTypes.h */,
				AEA8E8591A86C6150050344B /* DDTypes.m */,
				AEA8E8531A86C5EA0050344B /* Function Evaluators */,
				AEA8E8541A86C5F50050344B /* Expressions */,
			);
			name = Evaluator;
			sourceTree = "<group>";
		};
		AEA8E8521A86C5D70050344B /* Rewriting */ = {
			isa = PBXGroup;
			children = (
				AEA8E8731A86C6C60050344B /* DDExpressionRewriter.h */,
				AEA8E8741A86C6C60050344B /* DDExpressionRewriter.m */,
				AEA8E8711A86C6C60050344B /* _DDRewriteRule.h */,
				AEA8E8721A86C6C60050344B /* _DDRewriteRule.m */,
			);
			name = Rewriting;
			sourceTree = "<group>";
		};
		AEA8E8531A86C5EA0050344B /* Function Evaluators */ = {
			isa = PBXGroup;
			children = (
				AEA8E85C1A86C63C0050344B /* _DDDecimalFunctions.h */,
				AEA8E85D1A86C63C0050344B /* _DDDecimalFunctions.m */,
				AEA8E85E1A86C63C0050344B /* _DDFunctionEvaluator.m */,
				AEA8E85F1A86C63C0050344B /* _DDFunctionExpression.h */,
				AEA8E8601A86C63C0050344B /* _DDPrecisionFunctionEvaluator.h */,
				AEA8E8611A86C63C0050344B /* _DDPrecisionFunctionEvaluator.m */,
			);
			name = "Function Evaluators";
			sourceTree = "<group>";
		};
		AEA8E8541A86C5F50050344B /* Expressions */ = {
			isa = PBXGroup;
			children = (
				AEA8E8651A86C6910050344B /* DDExpression.h */,
				AEA8E8661A86C6910050344B /* DDExpression.m */,
				AEA8E8681A86C6B60050344B /* _DDFunctionExpression.h */,
				AEA8E8691A86C6B60050344B /* _DDFunctionExpression.m */,
				AEA8E86A1A86C6B60050344B /* _DDNumberExpression.h */,
				AEA8E86B1A86C6B60050344B /* _DDNumberExpression.m */,
				AEA8E86C1A86C6B60050344B /* _DDVariableExpression.h */,
				AEA8E86D1A86C6B60050344B /* _DDVariableExpression.m */,
			);
			name = Expressions;
			sourceTree = "<group>";
		};
		AEC9EEB11A3CDC4A002C7B08 = {
			isa = PBXGroup;
			children = (
				AEC9EEBC1A3CDC4A002C7B08 /* NumberPad */,
				AEC9EED21A3CDC4A002C7B08 /* NumberPadTests */,
				AE5554621A5CB9D3007DCF1D /* DigitRecognizer */,
				AE5554781A5CB9D3007DCF1D /* DigitRecognizerTests */,
				AE5554C21A5CBBF7007DCF1D /* DigitRecognizerSDK */,
				AE5554D11A5CBBF7007DCF1D /* DigitRecognizerSDKTests */,
				AEC9EEBB1A3CDC4A002C7B08 /* Products */,
			);
			sourceTree = "<group>";
		};
		AEC9EEBB1A3CDC4A002C7B08 /* Products */ = {
			isa = PBXGroup;
			children = (
				AEC9EEBA1A3CDC4A002C7B08 /* NumberPad.app */,
				AEC9EECF1A3CDC4A002C7B08 /* NumberPadTests.xctest */,
				AE5554611A5CB9D3007DCF1D /* DigitRecognizer.app */,
				AE5554C11A5CBBF7007DCF1D /* DigitRecognizerSDK.framework */,
				AE5554CB1A5CBBF7007DCF1D /* DigitRecognizerSDKTests.xctest */,
			);
			name = Products;
			sourceTree = "<group>";
		};
		AEC9EEBC1A3CDC4A002C7B08 /* NumberPad */ = {
			isa = PBXGroup;
			children = (
				AE0EF44E1B40EE95000DFFE2 /* football@2x.png */,
				AEC9EEBF1A3CDC4A002C7B08 /* AppDelegate.swift */,
				AEC9EEC11A3CDC4A002C7B08 /* ViewController.swift */,
				AE57BB501B5CA12D00600F50 /* Stroke.swift */,
				AE064B6A1A64679200A10381 /* Constraints.swift */,
				AE57BB4E1B5C8BC100600F50 /* NameCanvasViewController.swift */,
				AEA8E8771A871B4E0050344B /* MathML.swift */,
				AE064B6D1A646A6300A10381 /* ConstraintViews.swift */,
				AEC033251B4B7A0400E72EE3 /* ArrowPath.swift */,
				AE0EF4501B40EF82000DFFE2 /* Toy.swift */,
				AEDB570E1B45CDD10065A4DD /* UIColor+Additions.swift */,
				AE064B6F1A646FB200A10381 /* Utils.swift */,
				AECB34FB1A6B1F460034A2AB /* NumberSlideView.swift */,
				AE1CA0751A8C652A00CC1FDA /* VisualFormat.swift */,
				AE1CA0731A8C651B00CC1FDA /* SwiftAutoLayout.swift */,
				AEA8E8291A86C4DB0050344B /* DDMathParser */,
				AE5554FA1A5CE0A5007DCF1D /* Main.storyboard */,
				AE890D0B1A65AFAE00E604C4 /* Launch Screen.xib */,
				AECB34F31A6AEC540034A2AB /* NumberPad-Bridging-Header.h */,
				AEC9EEC61A3CDC4A002C7B08 /* Images.xcassets */,
				AEC9EEBD1A3CDC4A002C7B08 /* Supporting Files */,
			);
			path = NumberPad;
			sourceTree = "<group>";
		};
		AEC9EEBD1A3CDC4A002C7B08 /* Supporting Files */ = {
			isa = PBXGroup;
			children = (
				AE890D171A69DA0300E604C4 /* bridger_normalized.json */,
				AE3DD2471A5494B7007D1500 /* bridger_test.json */,
				AE3DD2481A5494B7007D1500 /* bridger_train.json */,
				AE3DD23B1A52785D007D1500 /* ujipenchars2_test.json */,
				AE3DD23C1A52785D007D1500 /* ujipenchars2_train.json */,
				AE3DD2391A52784A007D1500 /* ujipenchars2.json */,
				AEA7F3711A7DC065008A07E4 /* main.swift */,
				AEA7F36F1A7DBFF3008A07E4 /* CoreGraphics.framework */,
				AEA7F36D1A7DBFEC008A07E4 /* CoreBluetooth.framework */,
				AEA7F36B1A7DBFE0008A07E4 /* libc++.dylib */,
				AEA7F3691A7DBF86008A07E4 /* FiftyThreeSdk.framework */,
				AEC9EEBE1A3CDC4A002C7B08 /* Info.plist */,
			);
			name = "Supporting Files";
			sourceTree = "<group>";
		};
		AEC9EED21A3CDC4A002C7B08 /* NumberPadTests */ = {
			isa = PBXGroup;
			children = (
				AEC9EED51A3CDC4A002C7B08 /* NumberPadTests.swift */,
				AEC9EED31A3CDC4A002C7B08 /* Supporting Files */,
			);
			path = NumberPadTests;
			sourceTree = "<group>";
		};
		AEC9EED31A3CDC4A002C7B08 /* Supporting Files */ = {
			isa = PBXGroup;
			children = (
				AEC9EED41A3CDC4A002C7B08 /* Info.plist */,
			);
			name = "Supporting Files";
			sourceTree = "<group>";
		};
/* End PBXGroup section */

/* Begin PBXHeadersBuildPhase section */
		AE5554BE1A5CBBF7007DCF1D /* Headers */ = {
			isa = PBXHeadersBuildPhase;
			buildActionMask = 2147483647;
			files = (
				AE5554C61A5CBBF7007DCF1D /* DigitRecognizerSDK.h in Headers */,
			);
			runOnlyForDeploymentPostprocessing = 0;
		};
/* End PBXHeadersBuildPhase section */

/* Begin PBXNativeTarget section */
		AE5554601A5CB9D3007DCF1D /* DigitRecognizer */ = {
			isa = PBXNativeTarget;
			buildConfigurationList = AE5554811A5CB9D3007DCF1D /* Build configuration list for PBXNativeTarget "DigitRecognizer" */;
			buildPhases = (
				AE55545D1A5CB9D3007DCF1D /* Sources */,
				AE55545E1A5CB9D3007DCF1D /* Frameworks */,
				AE55545F1A5CB9D3007DCF1D /* Resources */,
				AE5554DD1A5CBBF7007DCF1D /* Embed Frameworks */,
			);
			buildRules = (
			);
			dependencies = (
				AE5554D71A5CBBF7007DCF1D /* PBXTargetDependency */,
			);
			name = DigitRecognizer;
			productName = DigitRecognizer;
			productReference = AE5554611A5CB9D3007DCF1D /* DigitRecognizer.app */;
			productType = "com.apple.product-type.application";
		};
		AE5554C01A5CBBF7007DCF1D /* DigitRecognizerSDK */ = {
			isa = PBXNativeTarget;
			buildConfigurationList = AE5554DA1A5CBBF7007DCF1D /* Build configuration list for PBXNativeTarget "DigitRecognizerSDK" */;
			buildPhases = (
				AE5554BC1A5CBBF7007DCF1D /* Sources */,
				AE5554BD1A5CBBF7007DCF1D /* Frameworks */,
				AE5554BE1A5CBBF7007DCF1D /* Headers */,
				AE5554BF1A5CBBF7007DCF1D /* Resources */,
			);
			buildRules = (
			);
			dependencies = (
			);
			name = DigitRecognizerSDK;
			productName = DigitRecognizerSDK;
			productReference = AE5554C11A5CBBF7007DCF1D /* DigitRecognizerSDK.framework */;
			productType = "com.apple.product-type.framework";
		};
		AE5554CA1A5CBBF7007DCF1D /* DigitRecognizerSDKTests */ = {
			isa = PBXNativeTarget;
			buildConfigurationList = AE5554DE1A5CBBF7007DCF1D /* Build configuration list for PBXNativeTarget "DigitRecognizerSDKTests" */;
			buildPhases = (
				AE5554C71A5CBBF7007DCF1D /* Sources */,
				AE5554C81A5CBBF7007DCF1D /* Frameworks */,
				AE5554C91A5CBBF7007DCF1D /* Resources */,
			);
			buildRules = (
			);
			dependencies = (
				AE5554CE1A5CBBF7007DCF1D /* PBXTargetDependency */,
				AE5554D01A5CBBF7007DCF1D /* PBXTargetDependency */,
			);
			name = DigitRecognizerSDKTests;
			productName = DigitRecognizerSDKTests;
			productReference = AE5554CB1A5CBBF7007DCF1D /* DigitRecognizerSDKTests.xctest */;
			productType = "com.apple.product-type.bundle.unit-test";
		};
		AEC9EEB91A3CDC4A002C7B08 /* NumberPad */ = {
			isa = PBXNativeTarget;
			buildConfigurationList = AEC9EED91A3CDC4A002C7B08 /* Build configuration list for PBXNativeTarget "NumberPad" */;
			buildPhases = (
				AEC9EEB61A3CDC4A002C7B08 /* Sources */,
				AEC9EEB71A3CDC4A002C7B08 /* Frameworks */,
				AEC9EEB81A3CDC4A002C7B08 /* Resources */,
				AE064B711A64C1AF00A10381 /* Embed Frameworks */,
			);
			buildRules = (
			);
			dependencies = (
				AE064B651A64605300A10381 /* PBXTargetDependency */,
			);
			name = NumberPad;
			productName = NumberPad;
			productReference = AEC9EEBA1A3CDC4A002C7B08 /* NumberPad.app */;
			productType = "com.apple.product-type.application";
		};
		AEC9EECE1A3CDC4A002C7B08 /* NumberPadTests */ = {
			isa = PBXNativeTarget;
			buildConfigurationList = AEC9EEDC1A3CDC4A002C7B08 /* Build configuration list for PBXNativeTarget "NumberPadTests" */;
			buildPhases = (
				AEC9EECB1A3CDC4A002C7B08 /* Sources */,
				AEC9EECC1A3CDC4A002C7B08 /* Frameworks */,
				AEC9EECD1A3CDC4A002C7B08 /* Resources */,
			);
			buildRules = (
			);
			dependencies = (
				AEC9EED11A3CDC4A002C7B08 /* PBXTargetDependency */,
			);
			name = NumberPadTests;
			productName = NumberPadTests;
			productReference = AEC9EECF1A3CDC4A002C7B08 /* NumberPadTests.xctest */;
			productType = "com.apple.product-type.bundle.unit-test";
		};
/* End PBXNativeTarget section */

/* Begin PBXProject section */
		AEC9EEB21A3CDC4A002C7B08 /* Project object */ = {
			isa = PBXProject;
			attributes = {
				LastSwiftUpdateCheck = 0700;
				LastUpgradeCheck = 0700;
				ORGANIZATIONNAME = "Bridger Maxwell";
				TargetAttributes = {
					AE5554601A5CB9D3007DCF1D = {
						CreatedOnToolsVersion = 6.1.1;
					};
					AE5554C01A5CBBF7007DCF1D = {
						CreatedOnToolsVersion = 6.1.1;
					};
					AE5554CA1A5CBBF7007DCF1D = {
						CreatedOnToolsVersion = 6.1.1;
						TestTargetID = AE5554601A5CB9D3007DCF1D;
					};
					AEC9EEB91A3CDC4A002C7B08 = {
						CreatedOnToolsVersion = 6.1.1;
					};
					AEC9EECE1A3CDC4A002C7B08 = {
						CreatedOnToolsVersion = 6.1.1;
						TestTargetID = AEC9EEB91A3CDC4A002C7B08;
					};
				};
			};
			buildConfigurationList = AEC9EEB51A3CDC4A002C7B08 /* Build configuration list for PBXProject "NumberPad" */;
			compatibilityVersion = "Xcode 3.2";
			developmentRegion = English;
			hasScannedForEncodings = 0;
			knownRegions = (
				en,
				Base,
			);
			mainGroup = AEC9EEB11A3CDC4A002C7B08;
			productRefGroup = AEC9EEBB1A3CDC4A002C7B08 /* Products */;
			projectDirPath = "";
			projectRoot = "";
			targets = (
				AEC9EEB91A3CDC4A002C7B08 /* NumberPad */,
				AEC9EECE1A3CDC4A002C7B08 /* NumberPadTests */,
				AE5554601A5CB9D3007DCF1D /* DigitRecognizer */,
				AE5554C01A5CBBF7007DCF1D /* DigitRecognizerSDK */,
				AE5554CA1A5CBBF7007DCF1D /* DigitRecognizerSDKTests */,
			);
		};
/* End PBXProject section */

/* Begin PBXResourcesBuildPhase section */
		AE55545F1A5CB9D3007DCF1D /* Resources */ = {
			isa = PBXResourcesBuildPhase;
			buildActionMask = 2147483647;
			files = (
				AE5554F31A5CBC89007DCF1D /* ujipenchars2.json in Resources */,
				AE5554881A5CBAE1007DCF1D /* bridger_train.json in Resources */,
				AEF546551A7AD6DF00E72D0B /* bridger_normalized.json in Resources */,
				AE890D131A68D33F00E604C4 /* ujipenchars2_train.json in Resources */,
				AE55546D1A5CB9D3007DCF1D /* Images.xcassets in Resources */,
				AE5554F91A5CE08C007DCF1D /* Main.storyboard in Resources */,
				AE890D121A68D33F00E604C4 /* ujipenchars2_test.json in Resources */,
				AE890D141A699A0400E604C4 /* bridger_test.json in Resources */,
			);
			runOnlyForDeploymentPostprocessing = 0;
		};
		AE5554BF1A5CBBF7007DCF1D /* Resources */ = {
			isa = PBXResourcesBuildPhase;
			buildActionMask = 2147483647;
			files = (
			);
			runOnlyForDeploymentPostprocessing = 0;
		};
		AE5554C91A5CBBF7007DCF1D /* Resources */ = {
			isa = PBXResourcesBuildPhase;
			buildActionMask = 2147483647;
			files = (
				AE5554F21A5CBC86007DCF1D /* ujipenchars2.json in Resources */,
				AE5554F01A5CBC78007DCF1D /* ujipenchars2_test.json in Resources */,
				AE5554ED1A5CBC6A007DCF1D /* bridger_train.json in Resources */,
				AE5554F11A5CBC7E007DCF1D /* ujipenchars2_train.json in Resources */,
				AE5554EC1A5CBC63007DCF1D /* bridger_test.json in Resources */,
			);
			runOnlyForDeploymentPostprocessing = 0;
		};
		AEC9EEB81A3CDC4A002C7B08 /* Resources */ = {
			isa = PBXResourcesBuildPhase;
			buildActionMask = 2147483647;
			files = (
				AEC9EEC71A3CDC4A002C7B08 /* Images.xcassets in Resources */,
				AE5554EE1A5CBC6E007DCF1D /* bridger_train.json in Resources */,
				AE890D181A69DA0300E604C4 /* bridger_normalized.json in Resources */,
				AE5554F41A5CBC8B007DCF1D /* ujipenchars2.json in Resources */,
				AE0EF44F1B40EE95000DFFE2 /* football@2x.png in Resources */,
				AE5554FC1A5CE0A5007DCF1D /* Main.storyboard in Resources */,
				AE890D0D1A65AFAE00E604C4 /* Launch Screen.xib in Resources */,
			);
			runOnlyForDeploymentPostprocessing = 0;
		};
		AEC9EECD1A3CDC4A002C7B08 /* Resources */ = {
			isa = PBXResourcesBuildPhase;
			buildActionMask = 2147483647;
			files = (
			);
			runOnlyForDeploymentPostprocessing = 0;
		};
/* End PBXResourcesBuildPhase section */

/* Begin PBXSourcesBuildPhase section */
		AE55545D1A5CB9D3007DCF1D /* Sources */ = {
			isa = PBXSourcesBuildPhase;
			buildActionMask = 2147483647;
			files = (
				AE5554681A5CB9D3007DCF1D /* ViewController.swift in Sources */,
				AE890D111A68AB5B00E604C4 /* VisualizeCollectionViewController.swift in Sources */,
				AE5554661A5CB9D3007DCF1D /* AppDelegate.swift in Sources */,
			);
			runOnlyForDeploymentPostprocessing = 0;
		};
		AE5554BC1A5CBBF7007DCF1D /* Sources */ = {
			isa = PBXSourcesBuildPhase;
			buildActionMask = 2147483647;
			files = (
				AE890D161A699E7E00E604C4 /* Utils.swift in Sources */,
				AE5554E11A5CBC19007DCF1D /* DTWDigitClassifier.swift in Sources */,
				AE5554E51A5CBC31007DCF1D /* SortedMinArray.swift in Sources */,
				AE890D0F1A68970800E604C4 /* CGPoint+Extensions.swift in Sources */,
				AE5554F51A5CBD25007DCF1D /* StrokeGestureRecognizer.swift in Sources */,
			);
			runOnlyForDeploymentPostprocessing = 0;
		};
		AE5554C71A5CBBF7007DCF1D /* Sources */ = {
			isa = PBXSourcesBuildPhase;
			buildActionMask = 2147483647;
			files = (
				AE5554E31A5CBC25007DCF1D /* DTWDigitClassifierTests.swift in Sources */,
				AE5554D51A5CBBF7007DCF1D /* DigitRecognizerSDKTests.swift in Sources */,
				AE5554E91A5CBC4C007DCF1D /* SortedMinArrayTests.swift in Sources */,
			);
			runOnlyForDeploymentPostprocessing = 0;
		};
		AEC9EEB61A3CDC4A002C7B08 /* Sources */ = {
			isa = PBXSourcesBuildPhase;
			buildActionMask = 2147483647;
			files = (
				AEA8E8501A86C5B70050344B /* NSString+DDMathParsing.m in Sources */,
				AEA8E8671A86C6910050344B /* DDExpression.m in Sources */,
				AEA8E85B1A86C6150050344B /* DDTypes.m in Sources */,
				AEA8E8331A86C52D0050344B /* DDMathOperator.m in Sources */,
				AEA7F3721A7DC065008A07E4 /* main.swift in Sources */,
				AE064B701A646FB200A10381 /* Utils.swift in Sources */,
				AEA8E8631A86C63C0050344B /* _DDFunctionEvaluator.m in Sources */,
				AEA8E84C1A86C5A30050344B /* DDEnumerator.m in Sources */,
				AEA8E86F1A86C6B60050344B /* _DDNumberExpression.m in Sources */,
				AE57BB4F1B5C8BC100600F50 /* NameCanvasViewController.swift in Sources */,
				AEC9EEC21A3CDC4A002C7B08 /* ViewController.swift in Sources */,
				AEA8E8401A86C55E0050344B /* DDMathTokenizer.m in Sources */,
				AEA8E86E1A86C6B60050344B /* _DDFunctionExpression.m in Sources */,
				AE0EF4511B40EF82000DFFE2 /* Toy.swift in Sources */,
				AEA8E8751A86C6C60050344B /* _DDRewriteRule.m in Sources */,
				AEA8E8701A86C6B60050344B /* _DDVariableExpression.m in Sources */,
				AEA8E83E1A86C55E0050344B /* DDMathToken.m in Sources */,
				AEA8E85A1A86C6150050344B /* DDMathEvaluator.m in Sources */,
				AEA8E84D1A86C5A30050344B /* DDParser.m in Sources */,
				AEA8E8641A86C63C0050344B /* _DDPrecisionFunctionEvaluator.m in Sources */,
				AEA8E8621A86C63C0050344B /* _DDDecimalFunctions.m in Sources */,
				AE1CA0741A8C651B00CC1FDA /* SwiftAutoLayout.swift in Sources */,
				AE064B6B1A64679200A10381 /* Constraints.swift in Sources */,
				AEA8E84A1A86C5A30050344B /* _DDMathTermResolver.m in Sources */,
				AEA8E84B1A86C5A30050344B /* _DDParserTerm.m in Sources */,
				AEA8E8351A86C52D0050344B /* DDMathOperatorTypes.m in Sources */,
				AECB34FC1A6B1F460034A2AB /* NumberSlideView.swift in Sources */,
				AEC9EEC01A3CDC4A002C7B08 /* AppDelegate.swift in Sources */,
				AE064B6E1A646A6300A10381 /* ConstraintViews.swift in Sources */,
				AEA8E83F1A86C55E0050344B /* DDMathTokenInterpreter.m in Sources */,
				AEA8E8761A86C6C60050344B /* DDExpressionRewriter.m in Sources */,
				AE57BB511B5CA12D00600F50 /* Stroke.swift in Sources */,
				AEA8E8781A871B4E0050344B /* MathML.swift in Sources */,
				AEA8E8341A86C52D0050344B /* DDMathOperatorSet.m in Sources */,
				AE1CA0761A8C652A00CC1FDA /* VisualFormat.swift in Sources */,
				AEC033261B4B7A0400E72EE3 /* ArrowPath.swift in Sources */,
				AEDB570F1B45CDD10065A4DD /* UIColor+Additions.swift in Sources */,
			);
			runOnlyForDeploymentPostprocessing = 0;
		};
		AEC9EECB1A3CDC4A002C7B08 /* Sources */ = {
			isa = PBXSourcesBuildPhase;
			buildActionMask = 2147483647;
			files = (
				AEC9EED61A3CDC4A002C7B08 /* NumberPadTests.swift in Sources */,
			);
			runOnlyForDeploymentPostprocessing = 0;
		};
/* End PBXSourcesBuildPhase section */

/* Begin PBXTargetDependency section */
		AE064B651A64605300A10381 /* PBXTargetDependency */ = {
			isa = PBXTargetDependency;
			target = AE5554C01A5CBBF7007DCF1D /* DigitRecognizerSDK */;
			targetProxy = AE064B641A64605300A10381 /* PBXContainerItemProxy */;
		};
		AE5554CE1A5CBBF7007DCF1D /* PBXTargetDependency */ = {
			isa = PBXTargetDependency;
			target = AE5554C01A5CBBF7007DCF1D /* DigitRecognizerSDK */;
			targetProxy = AE5554CD1A5CBBF7007DCF1D /* PBXContainerItemProxy */;
		};
		AE5554D01A5CBBF7007DCF1D /* PBXTargetDependency */ = {
			isa = PBXTargetDependency;
			target = AE5554601A5CB9D3007DCF1D /* DigitRecognizer */;
			targetProxy = AE5554CF1A5CBBF7007DCF1D /* PBXContainerItemProxy */;
		};
		AE5554D71A5CBBF7007DCF1D /* PBXTargetDependency */ = {
			isa = PBXTargetDependency;
			target = AE5554C01A5CBBF7007DCF1D /* DigitRecognizerSDK */;
			targetProxy = AE5554D61A5CBBF7007DCF1D /* PBXContainerItemProxy */;
		};
		AEC9EED11A3CDC4A002C7B08 /* PBXTargetDependency */ = {
			isa = PBXTargetDependency;
			target = AEC9EEB91A3CDC4A002C7B08 /* NumberPad */;
			targetProxy = AEC9EED01A3CDC4A002C7B08 /* PBXContainerItemProxy */;
		};
/* End PBXTargetDependency section */

/* Begin PBXVariantGroup section */
		AE5554F71A5CE08C007DCF1D /* Main.storyboard */ = {
			isa = PBXVariantGroup;
			children = (
				AE5554F81A5CE08C007DCF1D /* Base */,
			);
			name = Main.storyboard;
			sourceTree = "<group>";
		};
		AE5554FA1A5CE0A5007DCF1D /* Main.storyboard */ = {
			isa = PBXVariantGroup;
			children = (
				AE5554FB1A5CE0A5007DCF1D /* Base */,
			);
			name = Main.storyboard;
			sourceTree = "<group>";
		};
		AE890D0B1A65AFAE00E604C4 /* Launch Screen.xib */ = {
			isa = PBXVariantGroup;
			children = (
				AE890D0C1A65AFAE00E604C4 /* Base */,
			);
			name = "Launch Screen.xib";
			sourceTree = "<group>";
		};
/* End PBXVariantGroup section */

/* Begin XCBuildConfiguration section */
		AE55547D1A5CB9D3007DCF1D /* Debug */ = {
			isa = XCBuildConfiguration;
			buildSettings = {
				ASSETCATALOG_COMPILER_APPICON_NAME = AppIcon;
				GCC_PREPROCESSOR_DEFINITIONS = (
					"DEBUG=1",
					"$(inherited)",
				);
				INFOPLIST_FILE = DigitRecognizer/Info.plist;
				LD_RUNPATH_SEARCH_PATHS = "$(inherited) @executable_path/Frameworks";
				PRODUCT_BUNDLE_IDENTIFIER = "com.bridgermaxwell.$(PRODUCT_NAME:rfc1034identifier)";
				PRODUCT_NAME = "$(TARGET_NAME)";
				TARGETED_DEVICE_FAMILY = "1,2";
			};
			name = Debug;
		};
		AE55547E1A5CB9D3007DCF1D /* Release */ = {
			isa = XCBuildConfiguration;
			buildSettings = {
				ASSETCATALOG_COMPILER_APPICON_NAME = AppIcon;
				INFOPLIST_FILE = DigitRecognizer/Info.plist;
				LD_RUNPATH_SEARCH_PATHS = "$(inherited) @executable_path/Frameworks";
				PRODUCT_BUNDLE_IDENTIFIER = "com.bridgermaxwell.$(PRODUCT_NAME:rfc1034identifier)";
				PRODUCT_NAME = "$(TARGET_NAME)";
				TARGETED_DEVICE_FAMILY = "1,2";
			};
			name = Release;
		};
		AE5554DB1A5CBBF7007DCF1D /* Debug */ = {
			isa = XCBuildConfiguration;
			buildSettings = {
				CURRENT_PROJECT_VERSION = 1;
				DEFINES_MODULE = YES;
				DYLIB_COMPATIBILITY_VERSION = 1;
				DYLIB_CURRENT_VERSION = 1;
				DYLIB_INSTALL_NAME_BASE = "@rpath";
				GCC_PREPROCESSOR_DEFINITIONS = (
					"DEBUG=1",
					"$(inherited)",
				);
				INFOPLIST_FILE = DigitRecognizerSDK/Info.plist;
				INSTALL_PATH = "$(LOCAL_LIBRARY_DIR)/Frameworks";
				LD_RUNPATH_SEARCH_PATHS = "$(inherited) @executable_path/Frameworks @loader_path/Frameworks";
				PRODUCT_BUNDLE_IDENTIFIER = "com.bridgermaxwell.$(PRODUCT_NAME:rfc1034identifier)";
				PRODUCT_NAME = "$(TARGET_NAME)";
				SKIP_INSTALL = YES;
				SWIFT_OPTIMIZATION_LEVEL = "-Owholemodule";
				TARGETED_DEVICE_FAMILY = "1,2";
				VERSIONING_SYSTEM = "apple-generic";
				VERSION_INFO_PREFIX = "";
			};
			name = Debug;
		};
		AE5554DC1A5CBBF7007DCF1D /* Release */ = {
			isa = XCBuildConfiguration;
			buildSettings = {
				CURRENT_PROJECT_VERSION = 1;
				DEFINES_MODULE = YES;
				DYLIB_COMPATIBILITY_VERSION = 1;
				DYLIB_CURRENT_VERSION = 1;
				DYLIB_INSTALL_NAME_BASE = "@rpath";
				INFOPLIST_FILE = DigitRecognizerSDK/Info.plist;
				INSTALL_PATH = "$(LOCAL_LIBRARY_DIR)/Frameworks";
				LD_RUNPATH_SEARCH_PATHS = "$(inherited) @executable_path/Frameworks @loader_path/Frameworks";
				PRODUCT_BUNDLE_IDENTIFIER = "com.bridgermaxwell.$(PRODUCT_NAME:rfc1034identifier)";
				PRODUCT_NAME = "$(TARGET_NAME)";
				SKIP_INSTALL = YES;
				SWIFT_OPTIMIZATION_LEVEL = "-Owholemodule";
				TARGETED_DEVICE_FAMILY = "1,2";
				VERSIONING_SYSTEM = "apple-generic";
				VERSION_INFO_PREFIX = "";
			};
			name = Release;
		};
		AE5554DF1A5CBBF7007DCF1D /* Debug */ = {
			isa = XCBuildConfiguration;
			buildSettings = {
				FRAMEWORK_SEARCH_PATHS = (
					"$(SDKROOT)/Developer/Library/Frameworks",
					"$(inherited)",
				);
				GCC_PREPROCESSOR_DEFINITIONS = (
					"DEBUG=1",
					"$(inherited)",
				);
				INFOPLIST_FILE = DigitRecognizerSDKTests/Info.plist;
				LD_RUNPATH_SEARCH_PATHS = "$(inherited) @executable_path/Frameworks @loader_path/Frameworks";
				PRODUCT_BUNDLE_IDENTIFIER = "com.bridgermaxwell.$(PRODUCT_NAME:rfc1034identifier)";
				PRODUCT_NAME = "$(TARGET_NAME)";
				TEST_HOST = "$(BUILT_PRODUCTS_DIR)/DigitRecognizer.app/DigitRecognizer";
			};
			name = Debug;
		};
		AE5554E01A5CBBF7007DCF1D /* Release */ = {
			isa = XCBuildConfiguration;
			buildSettings = {
				FRAMEWORK_SEARCH_PATHS = (
					"$(SDKROOT)/Developer/Library/Frameworks",
					"$(inherited)",
				);
				INFOPLIST_FILE = DigitRecognizerSDKTests/Info.plist;
				LD_RUNPATH_SEARCH_PATHS = "$(inherited) @executable_path/Frameworks @loader_path/Frameworks";
				PRODUCT_BUNDLE_IDENTIFIER = "com.bridgermaxwell.$(PRODUCT_NAME:rfc1034identifier)";
				PRODUCT_NAME = "$(TARGET_NAME)";
				TEST_HOST = "$(BUILT_PRODUCTS_DIR)/DigitRecognizer.app/DigitRecognizer";
			};
			name = Release;
		};
		AEC9EED71A3CDC4A002C7B08 /* Debug */ = {
			isa = XCBuildConfiguration;
			buildSettings = {
				ALWAYS_SEARCH_USER_PATHS = NO;
				CLANG_CXX_LANGUAGE_STANDARD = "gnu++0x";
				CLANG_CXX_LIBRARY = "libc++";
				CLANG_ENABLE_MODULES = YES;
				CLANG_ENABLE_OBJC_ARC = YES;
				CLANG_WARN_BOOL_CONVERSION = YES;
				CLANG_WARN_CONSTANT_CONVERSION = YES;
				CLANG_WARN_DIRECT_OBJC_ISA_USAGE = YES_ERROR;
				CLANG_WARN_EMPTY_BODY = YES;
				CLANG_WARN_ENUM_CONVERSION = YES;
				CLANG_WARN_INT_CONVERSION = YES;
				CLANG_WARN_OBJC_ROOT_CLASS = YES_ERROR;
				CLANG_WARN_UNREACHABLE_CODE = YES;
				CLANG_WARN__DUPLICATE_METHOD_MATCH = YES;
				"CODE_SIGN_IDENTITY[sdk=iphoneos*]" = "iPhone Developer";
				COPY_PHASE_STRIP = NO;
				ENABLE_STRICT_OBJC_MSGSEND = YES;
				ENABLE_TESTABILITY = YES;
				GCC_C_LANGUAGE_STANDARD = gnu99;
				GCC_DYNAMIC_NO_PIC = NO;
				GCC_OPTIMIZATION_LEVEL = 0;
				GCC_PREPROCESSOR_DEFINITIONS = (
					"DEBUG=1",
					"$(inherited)",
				);
				GCC_SYMBOLS_PRIVATE_EXTERN = NO;
				GCC_WARN_64_TO_32_BIT_CONVERSION = YES;
				GCC_WARN_ABOUT_RETURN_TYPE = YES_ERROR;
				GCC_WARN_UNDECLARED_SELECTOR = YES;
				GCC_WARN_UNINITIALIZED_AUTOS = YES_AGGRESSIVE;
				GCC_WARN_UNUSED_FUNCTION = YES;
				GCC_WARN_UNUSED_VARIABLE = YES;
				IPHONEOS_DEPLOYMENT_TARGET = 8.1;
				MTL_ENABLE_DEBUG_INFO = YES;
				ONLY_ACTIVE_ARCH = YES;
				SDKROOT = iphoneos;
				SWIFT_OPTIMIZATION_LEVEL = "-Onone";
				TARGETED_DEVICE_FAMILY = 2;
			};
			name = Debug;
		};
		AEC9EED81A3CDC4A002C7B08 /* Release */ = {
			isa = XCBuildConfiguration;
			buildSettings = {
				ALWAYS_SEARCH_USER_PATHS = NO;
				CLANG_CXX_LANGUAGE_STANDARD = "gnu++0x";
				CLANG_CXX_LIBRARY = "libc++";
				CLANG_ENABLE_MODULES = YES;
				CLANG_ENABLE_OBJC_ARC = YES;
				CLANG_WARN_BOOL_CONVERSION = YES;
				CLANG_WARN_CONSTANT_CONVERSION = YES;
				CLANG_WARN_DIRECT_OBJC_ISA_USAGE = YES_ERROR;
				CLANG_WARN_EMPTY_BODY = YES;
				CLANG_WARN_ENUM_CONVERSION = YES;
				CLANG_WARN_INT_CONVERSION = YES;
				CLANG_WARN_OBJC_ROOT_CLASS = YES_ERROR;
				CLANG_WARN_UNREACHABLE_CODE = YES;
				CLANG_WARN__DUPLICATE_METHOD_MATCH = YES;
				"CODE_SIGN_IDENTITY[sdk=iphoneos*]" = "iPhone Developer";
				COPY_PHASE_STRIP = YES;
				ENABLE_NS_ASSERTIONS = NO;
				ENABLE_STRICT_OBJC_MSGSEND = YES;
				GCC_C_LANGUAGE_STANDARD = gnu99;
				GCC_WARN_64_TO_32_BIT_CONVERSION = YES;
				GCC_WARN_ABOUT_RETURN_TYPE = YES_ERROR;
				GCC_WARN_UNDECLARED_SELECTOR = YES;
				GCC_WARN_UNINITIALIZED_AUTOS = YES_AGGRESSIVE;
				GCC_WARN_UNUSED_FUNCTION = YES;
				GCC_WARN_UNUSED_VARIABLE = YES;
				IPHONEOS_DEPLOYMENT_TARGET = 8.1;
				MTL_ENABLE_DEBUG_INFO = NO;
				SDKROOT = iphoneos;
				TARGETED_DEVICE_FAMILY = 2;
				VALIDATE_PRODUCT = YES;
			};
			name = Release;
		};
		AEC9EEDA1A3CDC4A002C7B08 /* Debug */ = {
			isa = XCBuildConfiguration;
			buildSettings = {
				ASSETCATALOG_COMPILER_APPICON_NAME = AppIcon;
				CLANG_ENABLE_MODULES = YES;
				ENABLE_BITCODE = NO;
				FRAMEWORK_SEARCH_PATHS = (
					"$(inherited)",
					"$(PROJECT_DIR)/NumberPad",
				);
				GCC_OPTIMIZATION_LEVEL = s;
				INFOPLIST_FILE = NumberPad/Info.plist;
				LD_RUNPATH_SEARCH_PATHS = "$(inherited) @executable_path/Frameworks";
				OTHER_LDFLAGS = "-ObjC";
				PRODUCT_BUNDLE_IDENTIFIER = "com.bridgermaxwell.$(PRODUCT_NAME:rfc1034identifier)";
				PRODUCT_NAME = "$(TARGET_NAME)";
				SWIFT_OBJC_BRIDGING_HEADER = "NumberPad/NumberPad-Bridging-Header.h";
				TARGETED_DEVICE_FAMILY = "1,2";
			};
			name = Debug;
		};
		AEC9EEDB1A3CDC4A002C7B08 /* Release */ = {
			isa = XCBuildConfiguration;
			buildSettings = {
				ASSETCATALOG_COMPILER_APPICON_NAME = AppIcon;
				CLANG_ENABLE_MODULES = YES;
				ENABLE_BITCODE = NO;
				FRAMEWORK_SEARCH_PATHS = (
					"$(inherited)",
					"$(PROJECT_DIR)/NumberPad",
				);
				INFOPLIST_FILE = NumberPad/Info.plist;
				LD_RUNPATH_SEARCH_PATHS = "$(inherited) @executable_path/Frameworks";
				OTHER_LDFLAGS = "-ObjC";
				PRODUCT_BUNDLE_IDENTIFIER = "com.bridgermaxwell.$(PRODUCT_NAME:rfc1034identifier)";
				PRODUCT_NAME = "$(TARGET_NAME)";
				SWIFT_OBJC_BRIDGING_HEADER = "NumberPad/NumberPad-Bridging-Header.h";
				TARGETED_DEVICE_FAMILY = "1,2";
			};
			name = Release;
		};
		AEC9EEDD1A3CDC4A002C7B08 /* Debug */ = {
			isa = XCBuildConfiguration;
			buildSettings = {
				BUNDLE_LOADER = "$(TEST_HOST)";
				FRAMEWORK_SEARCH_PATHS = (
					"$(SDKROOT)/Developer/Library/Frameworks",
					"$(inherited)",
				);
				GCC_PREPROCESSOR_DEFINITIONS = (
					"DEBUG=1",
					"$(inherited)",
				);
				INFOPLIST_FILE = NumberPadTests/Info.plist;
				LD_RUNPATH_SEARCH_PATHS = "$(inherited) @executable_path/Frameworks @loader_path/Frameworks";
				PRODUCT_BUNDLE_IDENTIFIER = "com.bridgermaxwell.$(PRODUCT_NAME:rfc1034identifier)";
				PRODUCT_NAME = "$(TARGET_NAME)";
				TEST_HOST = "$(BUILT_PRODUCTS_DIR)/NumberPad.app/NumberPad";
			};
			name = Debug;
		};
		AEC9EEDE1A3CDC4A002C7B08 /* Release */ = {
			isa = XCBuildConfiguration;
			buildSettings = {
				BUNDLE_LOADER = "$(TEST_HOST)";
				FRAMEWORK_SEARCH_PATHS = (
					"$(SDKROOT)/Developer/Library/Frameworks",
					"$(inherited)",
				);
				INFOPLIST_FILE = NumberPadTests/Info.plist;
				LD_RUNPATH_SEARCH_PATHS = "$(inherited) @executable_path/Frameworks @loader_path/Frameworks";
				PRODUCT_BUNDLE_IDENTIFIER = "com.bridgermaxwell.$(PRODUCT_NAME:rfc1034identifier)";
				PRODUCT_NAME = "$(TARGET_NAME)";
				TEST_HOST = "$(BUILT_PRODUCTS_DIR)/NumberPad.app/NumberPad";
			};
			name = Release;
		};
/* End XCBuildConfiguration section */

/* Begin XCConfigurationList section */
		AE5554811A5CB9D3007DCF1D /* Build configuration list for PBXNativeTarget "DigitRecognizer" */ = {
			isa = XCConfigurationList;
			buildConfigurations = (
				AE55547D1A5CB9D3007DCF1D /* Debug */,
				AE55547E1A5CB9D3007DCF1D /* Release */,
			);
			defaultConfigurationIsVisible = 0;
			defaultConfigurationName = Release;
		};
		AE5554DA1A5CBBF7007DCF1D /* Build configuration list for PBXNativeTarget "DigitRecognizerSDK" */ = {
			isa = XCConfigurationList;
			buildConfigurations = (
				AE5554DB1A5CBBF7007DCF1D /* Debug */,
				AE5554DC1A5CBBF7007DCF1D /* Release */,
			);
			defaultConfigurationIsVisible = 0;
			defaultConfigurationName = Release;
		};
		AE5554DE1A5CBBF7007DCF1D /* Build configuration list for PBXNativeTarget "DigitRecognizerSDKTests" */ = {
			isa = XCConfigurationList;
			buildConfigurations = (
				AE5554DF1A5CBBF7007DCF1D /* Debug */,
				AE5554E01A5CBBF7007DCF1D /* Release */,
			);
			defaultConfigurationIsVisible = 0;
			defaultConfigurationName = Release;
		};
		AEC9EEB51A3CDC4A002C7B08 /* Build configuration list for PBXProject "NumberPad" */ = {
			isa = XCConfigurationList;
			buildConfigurations = (
				AEC9EED71A3CDC4A002C7B08 /* Debug */,
				AEC9EED81A3CDC4A002C7B08 /* Release */,
			);
			defaultConfigurationIsVisible = 0;
			defaultConfigurationName = Release;
		};
		AEC9EED91A3CDC4A002C7B08 /* Build configuration list for PBXNativeTarget "NumberPad" */ = {
			isa = XCConfigurationList;
			buildConfigurations = (
				AEC9EEDA1A3CDC4A002C7B08 /* Debug */,
				AEC9EEDB1A3CDC4A002C7B08 /* Release */,
			);
			defaultConfigurationIsVisible = 0;
			defaultConfigurationName = Release;
		};
		AEC9EEDC1A3CDC4A002C7B08 /* Build configuration list for PBXNativeTarget "NumberPadTests" */ = {
			isa = XCConfigurationList;
			buildConfigurations = (
				AEC9EEDD1A3CDC4A002C7B08 /* Debug */,
				AEC9EEDE1A3CDC4A002C7B08 /* Release */,
			);
			defaultConfigurationIsVisible = 0;
			defaultConfigurationName = Release;
		};
/* End XCConfigurationList section */
	};
	rootObject = AEC9EEB21A3CDC4A002C7B08 /* Project object */;
}
